
Microsoft Visual Studio Solution File, Format Version 12.00
# Visual Studio Version 17
VisualStudioVersion = 17.10.34928.147
MinimumVisualStudioVersion = 10.0.40219.1
Project("{FAE04EC0-301F-11D3-BF4B-00C04F79EFBC}") = "BookStore", "BookStore\BookStore.csproj", "{DB4D71AD-91B3-42E5-9B57-0241889A8D76}"
EndProject
Global
	GlobalSection(SolutionConfigurationPlatforms) = preSolution
		Debug|Any CPU = Debug|Any CPU
		Release|Any CPU = Release|Any CPU
	EndGlobalSection
	GlobalSection(ProjectConfigurationPlatforms) = postSolution
		{DB4D71AD-91B3-42E5-9B57-0241889A8D76}.Debug|Any CPU.ActiveCfg = Debug|Any CPU
		{DB4D71AD-91B3-42E5-9B57-0241889A8D76}.Debug|Any CPU.Build.0 = Debug|Any CPU
		{DB4D71AD-91B3-42E5-9B57-0241889A8D76}.Release|Any CPU.ActiveCfg = Release|Any CPU
		{DB4D71AD-91B3-42E5-9B57-0241889A8D76}.Release|Any CPU.Build.0 = Release|Any CPU
	EndGlobalSection
	GlobalSection(SolutionProperties) = preSolution
		HideSolutionNode = FALSE
	EndGlobalSection
	GlobalSection(ExtensibilityGlobals) = postSolution
		SolutionGuid = {9DDA1822-E995-4F77-B064-46033B68FC6D}
	EndGlobalSection
EndGlobal
